// !$*UTF8*$!
{
	archiveVersion = 1;
	classes = {
	};
	objectVersion = 50;
	objects = {

/* Begin PBXBuildFile section */
		16B6265C2181405E00F92F72 /* AppDelegate.swift in Sources */ = {isa = PBXBuildFile; fileRef = 16B6265B2181405E00F92F72 /* AppDelegate.swift */; };
		16B6265E2181405E00F92F72 /* ViewController.swift in Sources */ = {isa = PBXBuildFile; fileRef = 16B6265D2181405E00F92F72 /* ViewController.swift */; };
		16B626612181405E00F92F72 /* Main.storyboard in Resources */ = {isa = PBXBuildFile; fileRef = 16B6265F2181405E00F92F72 /* Main.storyboard */; };
		16B626642181405E00F92F72 /* StudentMgmtApp.xcdatamodeld in Sources */ = {isa = PBXBuildFile; fileRef = 16B626622181405E00F92F72 /* StudentMgmtApp.xcdatamodeld */; };
		16B626662181405E00F92F72 /* Assets.xcassets in Resources */ = {isa = PBXBuildFile; fileRef = 16B626652181405E00F92F72 /* Assets.xcassets */; };
		16B626692181405E00F92F72 /* LaunchScreen.storyboard in Resources */ = {isa = PBXBuildFile; fileRef = 16B626672181405E00F92F72 /* LaunchScreen.storyboard */; };
		16B626712181451F00F92F72 /* LoginController.swift in Sources */ = {isa = PBXBuildFile; fileRef = 16B626702181451F00F92F72 /* LoginController.swift */; };
		16B6267321814DFB00F92F72 /* EditStudentController.swift in Sources */ = {isa = PBXBuildFile; fileRef = 16B6267221814DFB00F92F72 /* EditStudentController.swift */; };
		16B6267521814ECC00F92F72 /* DeleteStudentController.swift in Sources */ = {isa = PBXBuildFile; fileRef = 16B6267421814ECC00F92F72 /* DeleteStudentController.swift */; };
		16B626772181CB7500F92F72 /* ExamController.swift in Sources */ = {isa = PBXBuildFile; fileRef = 16B626762181CB7500F92F72 /* ExamController.swift */; };
		16B626792181CDBC00F92F72 /* AddExamController.swift in Sources */ = {isa = PBXBuildFile; fileRef = 16B626782181CDBC00F92F72 /* AddExamController.swift */; };
/* End PBXBuildFile section */

/* Begin PBXFileReference section */
		16B626582181405E00F92F72 /* StudentMgmtApp.app */ = {isa = PBXFileReference; explicitFileType = wrapper.application; includeInIndex = 0; path = StudentMgmtApp.app; sourceTree = BUILT_PRODUCTS_DIR; };
		16B6265B2181405E00F92F72 /* AppDelegate.swift */ = {isa = PBXFileReference; lastKnownFileType = sourcecode.swift; path = AppDelegate.swift; sourceTree = "<group>"; };
		16B6265D2181405E00F92F72 /* ViewController.swift */ = {isa = PBXFileReference; lastKnownFileType = sourcecode.swift; path = ViewController.swift; sourceTree = "<group>"; };
		16B626602181405E00F92F72 /* Base */ = {isa = PBXFileReference; lastKnownFileType = file.storyboard; name = Base; path = Base.lproj/Main.storyboard; sourceTree = "<group>"; };
		16B626632181405E00F92F72 /* StudentMgmtApp.xcdatamodel */ = {isa = PBXFileReference; lastKnownFileType = wrapper.xcdatamodel; path = StudentMgmtApp.xcdatamodel; sourceTree = "<group>"; };
		16B626652181405E00F92F72 /* Assets.xcassets */ = {isa = PBXFileReference; lastKnownFileType = folder.assetcatalog; path = Assets.xcassets; sourceTree = "<group>"; };
		16B626682181405E00F92F72 /* Base */ = {isa = PBXFileReference; lastKnownFileType = file.storyboard; name = Base; path = Base.lproj/LaunchScreen.storyboard; sourceTree = "<group>"; };
		16B6266A2181405E00F92F72 /* Info.plist */ = {isa = PBXFileReference; lastKnownFileType = text.plist.xml; path = Info.plist; sourceTree = "<group>"; };
		16B626702181451F00F92F72 /* LoginController.swift */ = {isa = PBXFileReference; lastKnownFileType = sourcecode.swift; path = LoginController.swift; sourceTree = "<group>"; };
		16B6267221814DFB00F92F72 /* EditStudentController.swift */ = {isa = PBXFileReference; lastKnownFileType = sourcecode.swift; path = EditStudentController.swift; sourceTree = "<group>"; };
		16B6267421814ECC00F92F72 /* DeleteStudentController.swift */ = {isa = PBXFileReference; lastKnownFileType = sourcecode.swift; path = DeleteStudentController.swift; sourceTree = "<group>"; };
		16B626762181CB7500F92F72 /* ExamController.swift */ = {isa = PBXFileReference; lastKnownFileType = sourcecode.swift; path = ExamController.swift; sourceTree = "<group>"; };
		16B626782181CDBC00F92F72 /* AddExamController.swift */ = {isa = PBXFileReference; lastKnownFileType = sourcecode.swift; path = AddExamController.swift; sourceTree = "<group>"; };
/* End PBXFileReference section */

/* Begin PBXFrameworksBuildPhase section */
		16B626552181405E00F92F72 /* Frameworks */ = {
			isa = PBXFrameworksBuildPhase;
			buildActionMask = 2147483647;
			files = (
			);
			runOnlyForDeploymentPostprocessing = 0;
		};
/* End PBXFrameworksBuildPhase section */

/* Begin PBXGroup section */
		16B6264F2181405E00F92F72 = {
			isa = PBXGroup;
			children = (
				16B626782181CDBC00F92F72 /* AddExamController.swift */,
				16B6265A2181405E00F92F72 /* StudentMgmtApp */,
				16B626592181405E00F92F72 /* Products */,
			);
			sourceTree = "<group>";
		};
		16B626592181405E00F92F72 /* Products */ = {
			isa = PBXGroup;
			children = (
				16B626582181405E00F92F72 /* StudentMgmtApp.app */,
			);
			name = Products;
			sourceTree = "<group>";
		};
		16B6265A2181405E00F92F72 /* StudentMgmtApp */ = {
			isa = PBXGroup;
			children = (
				16B6265B2181405E00F92F72 /* AppDelegate.swift */,
				16B626702181451F00F92F72 /* LoginController.swift */,
				16B6265D2181405E00F92F72 /* ViewController.swift */,
				16B6267221814DFB00F92F72 /* EditStudentController.swift */,
				16B6267421814ECC00F92F72 /* DeleteStudentController.swift */,
				16B6265F2181405E00F92F72 /* Main.storyboard */,
				16B626762181CB7500F92F72 /* ExamController.swift */,
				16B626652181405E00F92F72 /* Assets.xcassets */,
				16B626672181405E00F92F72 /* LaunchScreen.storyboard */,
				16B6266A2181405E00F92F72 /* Info.plist */,
				16B626622181405E00F92F72 /* StudentMgmtApp.xcdatamodeld */,
			);
			path = StudentMgmtApp;
			sourceTree = "<group>";
		};
/* End PBXGroup section */

/* Begin PBXNativeTarget section */
		16B626572181405E00F92F72 /* StudentMgmtApp */ = {
			isa = PBXNativeTarget;
			buildConfigurationList = 16B6266D2181405E00F92F72 /* Build configuration list for PBXNativeTarget "StudentMgmtApp" */;
			buildPhases = (
				16B626542181405E00F92F72 /* Sources */,
				16B626552181405E00F92F72 /* Frameworks */,
				16B626562181405E00F92F72 /* Resources */,
			);
			buildRules = (
			);
			dependencies = (
			);
			name = StudentMgmtApp;
			productName = StudentMgmtApp;
			productReference = 16B626582181405E00F92F72 /* StudentMgmtApp.app */;
			productType = "com.apple.product-type.application";
		};
/* End PBXNativeTarget section */

/* Begin PBXProject section */
		16B626502181405E00F92F72 /* Project object */ = {
			isa = PBXProject;
			attributes = {
				LastSwiftUpdateCheck = 1000;
				LastUpgradeCheck = 1000;
				ORGANIZATIONNAME = "Jeanette Lee";
				TargetAttributes = {
					16B626572181405E00F92F72 = {
						CreatedOnToolsVersion = 10.0;
					};
				};
			};
			buildConfigurationList = 16B626532181405E00F92F72 /* Build configuration list for PBXProject "StudentMgmtApp" */;
			compatibilityVersion = "Xcode 9.3";
			developmentRegion = en;
			hasScannedForEncodings = 0;
			knownRegions = (
				en,
				Base,
			);
			mainGroup = 16B6264F2181405E00F92F72;
			productRefGroup = 16B626592181405E00F92F72 /* Products */;
			projectDirPath = "";
			projectRoot = "";
			targets = (
				16B626572181405E00F92F72 /* StudentMgmtApp */,
			);
		};
/* End PBXProject section */

/* Begin PBXResourcesBuildPhase section */
		16B626562181405E00F92F72 /* Resources */ = {
			isa = PBXResourcesBuildPhase;
			buildActionMask = 2147483647;
			files = (
				16B626692181405E00F92F72 /* LaunchScreen.storyboard in Resources */,
				16B626662181405E00F92F72 /* Assets.xcassets in Resources */,
				16B626612181405E00F92F72 /* Main.storyboard in Resources */,
			);
			runOnlyForDeploymentPostprocessing = 0;
		};
/* End PBXResourcesBuildPhase section */

/* Begin PBXSourcesBuildPhase section */
		16B626542181405E00F92F72 /* Sources */ = {
			isa = PBXSourcesBuildPhase;
			buildActionMask = 2147483647;
			files = (
				16B6265E2181405E00F92F72 /* ViewController.swift in Sources */,
				16B626772181CB7500F92F72 /* ExamController.swift in Sources */,
				16B626792181CDBC00F92F72 /* AddExamController.swift in Sources */,
				16B626712181451F00F92F72 /* LoginController.swift in Sources */,
				16B6265C2181405E00F92F72 /* AppDelegate.swift in Sources */,
				16B6267321814DFB00F92F72 /* EditStudentController.swift in Sources */,
				16B6267521814ECC00F92F72 /* DeleteStudentController.swift in Sources */,
				16B626642181405E00F92F72 /* StudentMgmtApp.xcdatamodeld in Sources */,
			);
			runOnlyForDeploymentPostprocessing = 0;
		};
/* End PBXSourcesBuildPhase section */

/* Begin PBXVariantGroup section */
		16B6265F2181405E00F92F72 /* Main.storyboard */ = {
			isa = PBXVariantGroup;
			children = (
				16B626602181405E00F92F72 /* Base */,
			);
			name = Main.storyboard;
			sourceTree = "<group>";
		};
		16B626672181405E00F92F72 /* LaunchScreen.storyboard */ = {
			isa = PBXVariantGroup;
			children = (
				16B626682181405E00F92F72 /* Base */,
			);
			name = LaunchScreen.storyboard;
			sourceTree = "<group>";
		};
/* End PBXVariantGroup section */

/* Begin XCBuildConfiguration section */
		16B6266B2181405E00F92F72 /* Debug */ = {
			isa = XCBuildConfiguration;
			buildSettings = {
				ALWAYS_SEARCH_USER_PATHS = NO;
				CLANG_ANALYZER_NONNULL = YES;
				CLANG_ANALYZER_NUMBER_OBJECT_CONVERSION = YES_AGGRESSIVE;
				CLANG_CXX_LANGUAGE_STANDARD = "gnu++14";
				CLANG_CXX_LIBRARY = "libc++";
				CLANG_ENABLE_MODULES = YES;
				CLANG_ENABLE_OBJC_ARC = YES;
				CLANG_ENABLE_OBJC_WEAK = YES;
				CLANG_WARN_BLOCK_CAPTURE_AUTORELEASING = YES;
				CLANG_WARN_BOOL_CONVERSION = YES;
				CLANG_WARN_COMMA = YES;
				CLANG_WARN_CONSTANT_CONVERSION = YES;
				CLANG_WARN_DEPRECATED_OBJC_IMPLEMENTATIONS = YES;
				CLANG_WARN_DIRECT_OBJC_ISA_USAGE = YES_ERROR;
				CLANG_WARN_DOCUMENTATION_COMMENTS = YES;
				CLANG_WARN_EMPTY_BODY = YES;
				CLANG_WARN_ENUM_CONVERSION = YES;
				CLANG_WARN_INFINITE_RECURSION = YES;
				CLANG_WARN_INT_CONVERSION = YES;
				CLANG_WARN_NON_LITERAL_NULL_CONVERSION = YES;
				CLANG_WARN_OBJC_IMPLICIT_RETAIN_SELF = YES;
				CLANG_WARN_OBJC_LITERAL_CONVERSION = YES;
				CLANG_WARN_OBJC_ROOT_CLASS = YES_ERROR;
				CLANG_WARN_RANGE_LOOP_ANALYSIS = YES;
				CLANG_WARN_STRICT_PROTOTYPES = YES;
				CLANG_WARN_SUSPICIOUS_MOVE = YES;
				CLANG_WARN_UNGUARDED_AVAILABILITY = YES_AGGRESSIVE;
				CLANG_WARN_UNREACHABLE_CODE = YES;
				CLANG_WARN__DUPLICATE_METHOD_MATCH = YES;
				CODE_SIGN_IDENTITY = "iPhone Developer";
				COPY_PHASE_STRIP = NO;
				DEBUG_INFORMATION_FORMAT = dwarf;
				ENABLE_STRICT_OBJC_MSGSEND = YES;
				ENABLE_TESTABILITY = YES;
				GCC_C_LANGUAGE_STANDARD = gnu11;
				GCC_DYNAMIC_NO_PIC = NO;
				GCC_NO_COMMON_BLOCKS = YES;
				GCC_OPTIMIZATION_LEVEL = 0;
				GCC_PREPROCESSOR_DEFINITIONS = (
					"DEBUG=1",
					"$(inherited)",
				);
				GCC_WARN_64_TO_32_BIT_CONVERSION = YES;
				GCC_WARN_ABOUT_RETURN_TYPE = YES_ERROR;
				GCC_WARN_UNDECLARED_SELECTOR = YES;
				GCC_WARN_UNINITIALIZED_AUTOS = YES_AGGRESSIVE;
				GCC_WARN_UNUSED_FUNCTION = YES;
				GCC_WARN_UNUSED_VARIABLE = YES;
				IPHONEOS_DEPLOYMENT_TARGET = 12.0;
				MTL_ENABLE_DEBUG_INFO = INCLUDE_SOURCE;
				MTL_FAST_MATH = YES;
				ONLY_ACTIVE_ARCH = YES;
				SDKROOT = iphoneos;
				SWIFT_ACTIVE_COMPILATION_CONDITIONS = DEBUG;
				SWIFT_OPTIMIZATION_LEVEL = "-Onone";
			};
			name = Debug;
		};
		16B6266C2181405E00F92F72 /* Release */ = {
			isa = XCBuildConfiguration;
			buildSettings = {
				ALWAYS_SEARCH_USER_PATHS = NO;
				CLANG_ANALYZER_NONNULL = YES;
				CLANG_ANALYZER_NUMBER_OBJECT_CONVERSION = YES_AGGRESSIVE;
				CLANG_CXX_LANGUAGE_STANDARD = "gnu++14";
				CLANG_CXX_LIBRARY = "libc++";
				CLANG_ENABLE_MODULES = YES;
				CLANG_ENABLE_OBJC_ARC = YES;
				CLANG_ENABLE_OBJC_WEAK = YES;
				CLANG_WARN_BLOCK_CAPTURE_AUTORELEASING = YES;
				CLANG_WARN_BOOL_CONVERSION = YES;
				CLANG_WARN_COMMA = YES;
				CLANG_WARN_CONSTANT_CONVERSION = YES;
				CLANG_WARN_DEPRECATED_OBJC_IMPLEMENTATIONS = YES;
				CLANG_WARN_DIRECT_OBJC_ISA_USAGE = YES_ERROR;
				CLANG_WARN_DOCUMENTATION_COMMENTS = YES;
				CLANG_WARN_EMPTY_BODY = YES;
				CLANG_WARN_ENUM_CONVERSION = YES;
				CLANG_WARN_INFINITE_RECURSION = YES;
				CLANG_WARN_INT_CONVERSION = YES;
				CLANG_WARN_NON_LITERAL_NULL_CONVERSION = YES;
				CLANG_WARN_OBJC_IMPLICIT_RETAIN_SELF = YES;
				CLANG_WARN_OBJC_LITERAL_CONVERSION = YES;
				CLANG_WARN_OBJC_ROOT_CLASS = YES_ERROR;
				CLANG_WARN_RANGE_LOOP_ANALYSIS = YES;
				CLANG_WARN_STRICT_PROTOTYPES = YES;
				CLANG_WARN_SUSPICIOUS_MOVE = YES;
				CLANG_WARN_UNGUARDED_AVAILABILITY = YES_AGGRESSIVE;
				CLANG_WARN_UNREACHABLE_CODE = YES;
				CLANG_WARN__DUPLICATE_METHOD_MATCH = YES;
				CODE_SIGN_IDENTITY = "iPhone Developer";
				COPY_PHASE_STRIP = NO;
				DEBUG_INFORMATION_FORMAT = "dwarf-with-dsym";
				ENABLE_NS_ASSERTIONS = NO;
				ENABLE_STRICT_OBJC_MSGSEND = YES;
				GCC_C_LANGUAGE_STANDARD = gnu11;
				GCC_NO_COMMON_BLOCKS = YES;
				GCC_WARN_64_TO_32_BIT_CONVERSION = YES;
				GCC_WARN_ABOUT_RETURN_TYPE = YES_ERROR;
				GCC_WARN_UNDECLARED_SELECTOR = YES;
				GCC_WARN_UNINITIALIZED_AUTOS = YES_AGGRESSIVE;
				GCC_WARN_UNUSED_FUNCTION = YES;
				GCC_WARN_UNUSED_VARIABLE = YES;
				IPHONEOS_DEPLOYMENT_TARGET = 12.0;
				MTL_ENABLE_DEBUG_INFO = NO;
				MTL_FAST_MATH = YES;
				SDKROOT = iphoneos;
				SWIFT_COMPILATION_MODE = wholemodule;
				SWIFT_OPTIMIZATION_LEVEL = "-O";
				VALIDATE_PRODUCT = YES;
			};
			name = Release;
		};
		16B6266E2181405E00F92F72 /* Debug */ = {
			isa = XCBuildConfiguration;
			buildSettings = {
				ASSETCATALOG_COMPILER_APPICON_NAME = AppIcon;
				CODE_SIGN_STYLE = Automatic;
				DEVELOPMENT_TEAM = ADJ3RHM7QF;
				INFOPLIST_FILE = StudentMgmtApp/Info.plist;
				LD_RUNPATH_SEARCH_PATHS = (
					"$(inherited)",
					"@executable_path/Frameworks",
				);
				PRODUCT_BUNDLE_IDENTIFIER = com.jeanettelee.StudentMgmtApp;
				PRODUCT_NAME = "$(TARGET_NAME)";
				SWIFT_VERSION = 4.2;
				TARGETED_DEVICE_FAMILY = "1,2";
			};
			name = Debug;
		};
		16B6266F2181405E00F92F72 /* Release */ = {
			isa = XCBuildConfiguration;
			buildSettings = {
				ASSETCATALOG_COMPILER_APPICON_NAME = AppIcon;
				CODE_SIGN_STYLE = Automatic;
				DEVELOPMENT_TEAM = ADJ3RHM7QF;
				INFOPLIST_FILE = StudentMgmtApp/Info.plist;
				LD_RUNPATH_SEARCH_PATHS = (
					"$(inherited)",
					"@executable_path/Frameworks",
				);
				PRODUCT_BUNDLE_IDENTIFIER = com.jeanettelee.StudentMgmtApp;
				PRODUCT_NAME = "$(TARGET_NAME)";
				SWIFT_VERSION = 4.2;
				TARGETED_DEVICE_FAMILY = "1,2";
			};
			name = Release;
		};
/* End XCBuildConfiguration section */

/* Begin XCConfigurationList section */
		16B626532181405E00F92F72 /* Build configuration list for PBXProject "StudentMgmtApp" */ = {
			isa = XCConfigurationList;
			buildConfigurations = (
				16B6266B2181405E00F92F72 /* Debug */,
				16B6266C2181405E00F92F72 /* Release */,
			);
			defaultConfigurationIsVisible = 0;
			defaultConfigurationName = Release;
		};
		16B6266D2181405E00F92F72 /* Build configuration list for PBXNativeTarget "StudentMgmtApp" */ = {
			isa = XCConfigurationList;
			buildConfigurations = (
				16B6266E2181405E00F92F72 /* Debug */,
				16B6266F2181405E00F92F72 /* Release */,
			);
			defaultConfigurationIsVisible = 0;
			defaultConfigurationName = Release;
		};
/* End XCConfigurationList section */

/* Begin XCVersionGroup section */
		16B626622181405E00F92F72 /* StudentMgmtApp.xcdatamodeld */ = {
			isa = XCVersionGroup;
			children = (
				16B626632181405E00F92F72 /* StudentMgmtApp.xcdatamodel */,
			);
			currentVersion = 16B626632181405E00F92F72 /* StudentMgmtApp.xcdatamodel */;
			path = StudentMgmtApp.xcdatamodeld;
			sourceTree = "<group>";
			versionGroupType = wrapper.xcdatamodel;
		};
/* End XCVersionGroup section */
	};
	rootObject = 16B626502181405E00F92F72 /* Project object */;
}
